
Microsoft Visual Studio Solution File, Format Version 12.00
# Visual Studio 2013
VisualStudioVersion = 12.0.21005.1
MinimumVisualStudioVersion = 10.0.40219.1
Project("{FAE04EC0-301F-11D3-BF4B-00C04F79EFBC}") = "Game", "Game\Game.csproj", "{D8834197-1BEA-448E-B23A-A319CA55D971}"
EndProject
Project("{FAE04EC0-301F-11D3-BF4B-00C04F79EFBC}") = "Common", "Common\Common.csproj", "{A11C31FD-2575-4212-A107-726406DFAA51}"
EndProject
Project("{FAE04EC0-301F-11D3-BF4B-00C04F79EFBC}") = "Database", "Database\Database.csproj", "{CE5E4F42-4557-4BEF-8545-BD716CBB4923}"
EndProject
Project("{FAE04EC0-301F-11D3-BF4B-00C04F79EFBC}") = "Auth", "Auth\Auth.csproj", "{7D250CB4-9061-4C10-A8C3-724AB364DB81}"
EndProject
Global
	GlobalSection(SolutionConfigurationPlatforms) = preSolution
		Debug|Any CPU = Debug|Any CPU
		Release|Any CPU = Release|Any CPU
	EndGlobalSection
	GlobalSection(ProjectConfigurationPlatforms) = postSolution
		{D8834197-1BEA-448E-B23A-A319CA55D971}.Debug|Any CPU.ActiveCfg = Debug|Any CPU
		{D8834197-1BEA-448E-B23A-A319CA55D971}.Debug|Any CPU.Build.0 = Debug|Any CPU
		{D8834197-1BEA-448E-B23A-A319CA55D971}.Release|Any CPU.ActiveCfg = Release|Any CPU
		{D8834197-1BEA-448E-B23A-A319CA55D971}.Release|Any CPU.Build.0 = Release|Any CPU
		{A11C31FD-2575-4212-A107-726406DFAA51}.Debug|Any CPU.ActiveCfg = Debug|Any CPU
		{A11C31FD-2575-4212-A107-726406DFAA51}.Debug|Any CPU.Build.0 = Debug|Any CPU
		{A11C31FD-2575-4212-A107-726406DFAA51}.Release|Any CPU.ActiveCfg = Release|Any CPU
		{A11C31FD-2575-4212-A107-726406DFAA51}.Release|Any CPU.Build.0 = Release|Any CPU
		{CE5E4F42-4557-4BEF-8545-BD716CBB4923}.Debug|Any CPU.ActiveCfg = Debug|Any CPU
		{CE5E4F42-4557-4BEF-8545-BD716CBB4923}.Debug|Any CPU.Build.0 = Debug|Any CPU
		{CE5E4F42-4557-4BEF-8545-BD716CBB4923}.Release|Any CPU.ActiveCfg = Release|Any CPU
		{CE5E4F42-4557-4BEF-8545-BD716CBB4923}.Release|Any CPU.Build.0 = Release|Any CPU
		{7D250CB4-9061-4C10-A8C3-724AB364DB81}.Debug|Any CPU.ActiveCfg = Debug|Any CPU
		{7D250CB4-9061-4C10-A8C3-724AB364DB81}.Debug|Any CPU.Build.0 = Debug|Any CPU
		{7D250CB4-9061-4C10-A8C3-724AB364DB81}.Release|Any CPU.ActiveCfg = Release|Any CPU
		{7D250CB4-9061-4C10-A8C3-724AB364DB81}.Release|Any CPU.Build.0 = Release|Any CPU
	EndGlobalSection
	GlobalSection(SolutionProperties) = preSolution
		HideSolutionNode = FALSE
	EndGlobalSection
EndGlobal
